github.com/JojiiOfficial/shred v1.2.1 h1:658CFVTqcAkYVg815vW+guYnyJTLOIoS15tMyPTYhNo=
github.com/JojiiOfficial/shred v1.2.1/go.mod h1:/OAxd6eYOhrXb3KW+2wmDog2BiFlUld8oJEKa+xblxU=
github.com/lu4p/shred v0.0.0-20201211173428-0347b645d724 h1:nLJRUakdvy2j7JsefrtAUqGRbfJUKKqRu/3BCRA9mIQ=
github.com/lu4p/shred v0.0.0-20201211173428-0347b645d724/go.mod h1:6b1kEKx7IPBboPSTnoJZE5sbSDjcNkHHO3Hii8TU8XY=
github.com/spf13/pflag v1.0.5 h1:iy+VFUOCP1a+8yFto/drg2CJ5u0yRoB7fZw3DKv/JXA=
github.com/spf13/pflag v1.0.5/go.mod h1:McXfInJRrz4CZXVZOBLb0bTZqETkiAhM9Iw0y3An2Bg=
golang.org/x/crypto v0.15.0 h1:frVn1TEaCEaZcn3Tmd7Y2b5KKPaZ+I32Q2OA3kYp5TA=
golang.org/x/crypto v0.15.0/go.mod h1:4ChreQoLWfG3xLDer1WdlH5NdlQ3+mwnQq1YTKY+72g=
golang.org/x/sys v0.14.0 h1:Vz7Qs629MkJkGyHxUlRHizWJRG2j8fbQKjELVSNhy7Q=
golang.org/x/sys v0.14.0/go.mod h1:/VUhepiaJMQUp4+oa/7Zr1D23ma6VTLIYjOOTFZPUcA=
